
Microsoft Visual Studio Solution File, Format Version 12.00
# Visual Studio Version 16
VisualStudioVersion = 16.0.32126.315
MinimumVisualStudioVersion = 10.0.40219.1
Project("{8BC9CEB8-8B4A-11D0-8D11-00A0C91BC942}") = "TestMFCApp", "TestMFCApp\TestMFCApp.vcxproj", "{4ED75AC7-957D-45EF-87B0-CF6FCA00FABB}"
EndProject
Global
	GlobalSection(SolutionConfigurationPlatforms) = preSolution
		Debug|x64 = Debug|x64
		Debug|x86 = Debug|x86
		Release|x64 = Release|x64
		Release|x86 = Release|x86
	EndGlobalSection
	GlobalSection(ProjectConfigurationPlatforms) = postSolution
		{4ED75AC7-957D-45EF-87B0-CF6FCA00FABB}.Debug|x64.ActiveCfg = Debug|x64
		{4ED75AC7-957D-45EF-87B0-CF6FCA00FABB}.Debug|x64.Build.0 = Debug|x64
		{4ED75AC7-957D-45EF-87B0-CF6FCA00FABB}.Debug|x86.ActiveCfg = Debug|Win32
		{4ED75AC7-957D-45EF-87B0-CF6FCA00FABB}.Debug|x86.Build.0 = Debug|Win32
		{4ED75AC7-957D-45EF-87B0-CF6FCA00FABB}.Release|x64.ActiveCfg = Release|x64
		{4ED75AC7-957D-45EF-87B0-CF6FCA00FABB}.Release|x64.Build.0 = Release|x64
		{4ED75AC7-957D-45EF-87B0-CF6FCA00FABB}.Release|x86.ActiveCfg = Release|Win32
		{4ED75AC7-957D-45EF-87B0-CF6FCA00FABB}.Release|x86.Build.0 = Release|Win32
	EndGlobalSection
	GlobalSection(SolutionProperties) = preSolution
		HideSolutionNode = FALSE
	EndGlobalSection
	GlobalSection(ExtensibilityGlobals) = postSolution
		SolutionGuid = {725EA189-69FD-483A-945D-05A01D92D344}
	EndGlobalSection
EndGlobal
